
Microsoft Visual Studio Solution File, Format Version 12.00
# Visual Studio Version 17
VisualStudioVersion = 17.2.32519.379
MinimumVisualStudioVersion = 10.0.40219.1
Project("{FAE04EC0-301F-11D3-BF4B-00C04F79EFBC}") = "WPFNotepad", "WPFNotepad.csproj", "{2C50DE4F-5C05-4B73-9BA0-44AF0D199B35}"
EndProject
Global
	GlobalSection(SolutionConfigurationPlatforms) = preSolution
		Debug|Any CPU = Debug|Any CPU
		Release|Any CPU = Release|Any CPU
	EndGlobalSection
	GlobalSection(ProjectConfigurationPlatforms) = postSolution
		{2C50DE4F-5C05-4B73-9BA0-44AF0D199B35}.Debug|Any CPU.ActiveCfg = Debug|Any CPU
		{2C50DE4F-5C05-4B73-9BA0-44AF0D199B35}.Debug|Any CPU.Build.0 = Debug|Any CPU
		{2C50DE4F-5C05-4B73-9BA0-44AF0D199B35}.Release|Any CPU.ActiveCfg = Release|Any CPU
		{2C50DE4F-5C05-4B73-9BA0-44AF0D199B35}.Release|Any CPU.Build.0 = Release|Any CPU
	EndGlobalSection
	GlobalSection(SolutionProperties) = preSolution
		HideSolutionNode = FALSE
	EndGlobalSection
	GlobalSection(ExtensibilityGlobals) = postSolution
		SolutionGuid = {CDD309A2-443D-4512-A465-BBB45B20410D}
	EndGlobalSection
EndGlobal
